
Microsoft Visual Studio Solution File, Format Version 12.00
# Visual Studio Version 17
VisualStudioVersion = 17.6.33717.318
MinimumVisualStudioVersion = 10.0.40219.1
Project("{FAE04EC0-301F-11D3-BF4B-00C04F79EFBC}") = "prKol_ind3_Moskvina", "prKol_ind3_Moskvina.csproj", "{040CE04E-24DA-46FC-BD8B-134678B537EC}"
EndProject
Global
	GlobalSection(SolutionConfigurationPlatforms) = preSolution
		Debug|Any CPU = Debug|Any CPU
		Release|Any CPU = Release|Any CPU
	EndGlobalSection
	GlobalSection(ProjectConfigurationPlatforms) = postSolution
		{040CE04E-24DA-46FC-BD8B-134678B537EC}.Debug|Any CPU.ActiveCfg = Debug|Any CPU
		{040CE04E-24DA-46FC-BD8B-134678B537EC}.Debug|Any CPU.Build.0 = Debug|Any CPU
		{040CE04E-24DA-46FC-BD8B-134678B537EC}.Release|Any CPU.ActiveCfg = Release|Any CPU
		{040CE04E-24DA-46FC-BD8B-134678B537EC}.Release|Any CPU.Build.0 = Release|Any CPU
	EndGlobalSection
	GlobalSection(SolutionProperties) = preSolution
		HideSolutionNode = FALSE
	EndGlobalSection
	GlobalSection(ExtensibilityGlobals) = postSolution
		SolutionGuid = {438EFCBC-1EEE-430C-A603-61B0E547635C}
	EndGlobalSection
EndGlobal
